// !$*UTF8*$!
{
	archiveVersion = 1;
	classes = {
	};
	objectVersion = 56;
	objects = {

/* Begin PBXBuildFile section */
		7D804E412BBCB1C900BF56E6 /* DetailViewController.m in Sources */ = {isa = PBXBuildFile; fileRef = 7D804E402BBCB1C900BF56E6 /* DetailViewController.m */; };
		7D901CEE2BBD0FCA00281A66 /* DoneTableViewController.m in Sources */ = {isa = PBXBuildFile; fileRef = 7D901CED2BBD0FCA00281A66 /* DoneTableViewController.m */; };
		7D99F3FB2BBBEBC40030737C /* AppDelegate.m in Sources */ = {isa = PBXBuildFile; fileRef = 7D99F3FA2BBBEBC40030737C /* AppDelegate.m */; };
		7D99F3FE2BBBEBC40030737C /* SceneDelegate.m in Sources */ = {isa = PBXBuildFile; fileRef = 7D99F3FD2BBBEBC40030737C /* SceneDelegate.m */; };
		7D99F4012BBBEBC40030737C /* ViewController.m in Sources */ = {isa = PBXBuildFile; fileRef = 7D99F4002BBBEBC40030737C /* ViewController.m */; };
		7D99F4042BBBEBC40030737C /* Main.storyboard in Resources */ = {isa = PBXBuildFile; fileRef = 7D99F4022BBBEBC40030737C /* Main.storyboard */; };
		7D99F4062BBBEBC50030737C /* Assets.xcassets in Resources */ = {isa = PBXBuildFile; fileRef = 7D99F4052BBBEBC50030737C /* Assets.xcassets */; };
		7D99F4092BBBEBC50030737C /* LaunchScreen.storyboard in Resources */ = {isa = PBXBuildFile; fileRef = 7D99F4072BBBEBC50030737C /* LaunchScreen.storyboard */; };
		7D99F40C2BBBEBC50030737C /* main.m in Sources */ = {isa = PBXBuildFile; fileRef = 7D99F40B2BBBEBC50030737C /* main.m */; };
		7D99F4142BBBEEC50030737C /* TableViewController.m in Sources */ = {isa = PBXBuildFile; fileRef = 7D99F4132BBBEEC50030737C /* TableViewController.m */; };
		7D99F4172BBC03790030737C /* ToDoViewController.m in Sources */ = {isa = PBXBuildFile; fileRef = 7D99F4162BBC03790030737C /* ToDoViewController.m */; };
		7D99F41A2BBC0FA10030737C /* Data.m in Sources */ = {isa = PBXBuildFile; fileRef = 7D99F4192BBC0FA10030737C /* Data.m */; };
/* End PBXBuildFile section */

/* Begin PBXFileReference section */
		7D804E3F2BBCB1C900BF56E6 /* DetailViewController.h */ = {isa = PBXFileReference; lastKnownFileType = sourcecode.c.h; path = DetailViewController.h; sourceTree = "<group>"; };
		7D804E402BBCB1C900BF56E6 /* DetailViewController.m */ = {isa = PBXFileReference; lastKnownFileType = sourcecode.c.objc; path = DetailViewController.m; sourceTree = "<group>"; };
		7D901CEC2BBD0FCA00281A66 /* DoneTableViewController.h */ = {isa = PBXFileReference; lastKnownFileType = sourcecode.c.h; path = DoneTableViewController.h; sourceTree = "<group>"; };
		7D901CED2BBD0FCA00281A66 /* DoneTableViewController.m */ = {isa = PBXFileReference; lastKnownFileType = sourcecode.c.objc; path = DoneTableViewController.m; sourceTree = "<group>"; };
		7D99F3F62BBBEBC40030737C /* ToDoList.app */ = {isa = PBXFileReference; explicitFileType = wrapper.application; includeInIndex = 0; path = ToDoList.app; sourceTree = BUILT_PRODUCTS_DIR; };
		7D99F3F92BBBEBC40030737C /* AppDelegate.h */ = {isa = PBXFileReference; lastKnownFileType = sourcecode.c.h; path = AppDelegate.h; sourceTree = "<group>"; };
		7D99F3FA2BBBEBC40030737C /* AppDelegate.m */ = {isa = PBXFileReference; lastKnownFileType = sourcecode.c.objc; path = AppDelegate.m; sourceTree = "<group>"; };
		7D99F3FC2BBBEBC40030737C /* SceneDelegate.h */ = {isa = PBXFileReference; lastKnownFileType = sourcecode.c.h; path = SceneDelegate.h; sourceTree = "<group>"; };
		7D99F3FD2BBBEBC40030737C /* SceneDelegate.m */ = {isa = PBXFileReference; lastKnownFileType = sourcecode.c.objc; path = SceneDelegate.m; sourceTree = "<group>"; };
		7D99F3FF2BBBEBC40030737C /* ViewController.h */ = {isa = PBXFileReference; lastKnownFileType = sourcecode.c.h; path = ViewController.h; sourceTree = "<group>"; };
		7D99F4002BBBEBC40030737C /* ViewController.m */ = {isa = PBXFileReference; lastKnownFileType = sourcecode.c.objc; path = ViewController.m; sourceTree = "<group>"; };
		7D99F4032BBBEBC40030737C /* Base */ = {isa = PBXFileReference; lastKnownFileType = file.storyboard; name = Base; path = Base.lproj/Main.storyboard; sourceTree = "<group>"; };
		7D99F4052BBBEBC50030737C /* Assets.xcassets */ = {isa = PBXFileReference; lastKnownFileType = folder.assetcatalog; path = Assets.xcassets; sourceTree = "<group>"; };
		7D99F4082BBBEBC50030737C /* Base */ = {isa = PBXFileReference; lastKnownFileType = file.storyboard; name = Base; path = Base.lproj/LaunchScreen.storyboard; sourceTree = "<group>"; };
		7D99F40A2BBBEBC50030737C /* Info.plist */ = {isa = PBXFileReference; lastKnownFileType = text.plist.xml; path = Info.plist; sourceTree = "<group>"; };
		7D99F40B2BBBEBC50030737C /* main.m */ = {isa = PBXFileReference; lastKnownFileType = sourcecode.c.objc; path = main.m; sourceTree = "<group>"; };
		7D99F4122BBBEEC50030737C /* TableViewController.h */ = {isa = PBXFileReference; lastKnownFileType = sourcecode.c.h; path = TableViewController.h; sourceTree = "<group>"; };
		7D99F4132BBBEEC50030737C /* TableViewController.m */ = {isa = PBXFileReference; lastKnownFileType = sourcecode.c.objc; path = TableViewController.m; sourceTree = "<group>"; };
		7D99F4152BBC03790030737C /* ToDoViewController.h */ = {isa = PBXFileReference; lastKnownFileType = sourcecode.c.h; path = ToDoViewController.h; sourceTree = "<group>"; };
		7D99F4162BBC03790030737C /* ToDoViewController.m */ = {isa = PBXFileReference; lastKnownFileType = sourcecode.c.objc; path = ToDoViewController.m; sourceTree = "<group>"; };
		7D99F4182BBC0FA10030737C /* Data.h */ = {isa = PBXFileReference; lastKnownFileType = sourcecode.c.h; path = Data.h; sourceTree = "<group>"; };
		7D99F4192BBC0FA10030737C /* Data.m */ = {isa = PBXFileReference; lastKnownFileType = sourcecode.c.objc; path = Data.m; sourceTree = "<group>"; };
		7D99F41B2BBC132F0030737C /* TaskProtocol.h */ = {isa = PBXFileReference; lastKnownFileType = sourcecode.c.h; path = TaskProtocol.h; sourceTree = "<group>"; };
/* End PBXFileReference section */

/* Begin PBXFrameworksBuildPhase section */
		7D99F3F32BBBEBC40030737C /* Frameworks */ = {
			isa = PBXFrameworksBuildPhase;
			buildActionMask = 2147483647;
			files = (
			);
			runOnlyForDeploymentPostprocessing = 0;
		};
/* End PBXFrameworksBuildPhase section */

/* Begin PBXGroup section */
		7D99F3ED2BBBEBC40030737C = {
			isa = PBXGroup;
			children = (
				7D99F3F82BBBEBC40030737C /* ToDoList */,
				7D99F3F72BBBEBC40030737C /* Products */,
			);
			sourceTree = "<group>";
		};
		7D99F3F72BBBEBC40030737C /* Products */ = {
			isa = PBXGroup;
			children = (
				7D99F3F62BBBEBC40030737C /* ToDoList.app */,
			);
			name = Products;
			sourceTree = "<group>";
		};
		7D99F3F82BBBEBC40030737C /* ToDoList */ = {
			isa = PBXGroup;
			children = (
				7D99F3F92BBBEBC40030737C /* AppDelegate.h */,
				7D99F3FA2BBBEBC40030737C /* AppDelegate.m */,
				7D99F3FC2BBBEBC40030737C /* SceneDelegate.h */,
				7D99F3FD2BBBEBC40030737C /* SceneDelegate.m */,
				7D99F3FF2BBBEBC40030737C /* ViewController.h */,
				7D99F4002BBBEBC40030737C /* ViewController.m */,
				7D99F4022BBBEBC40030737C /* Main.storyboard */,
				7D99F4052BBBEBC50030737C /* Assets.xcassets */,
				7D99F4072BBBEBC50030737C /* LaunchScreen.storyboard */,
				7D99F40A2BBBEBC50030737C /* Info.plist */,
				7D99F40B2BBBEBC50030737C /* main.m */,
				7D99F4122BBBEEC50030737C /* TableViewController.h */,
				7D99F4132BBBEEC50030737C /* TableViewController.m */,
				7D99F4152BBC03790030737C /* ToDoViewController.h */,
				7D99F4162BBC03790030737C /* ToDoViewController.m */,
				7D99F4182BBC0FA10030737C /* Data.h */,
				7D99F4192BBC0FA10030737C /* Data.m */,
				7D99F41B2BBC132F0030737C /* TaskProtocol.h */,
				7D804E3F2BBCB1C900BF56E6 /* DetailViewController.h */,
				7D804E402BBCB1C900BF56E6 /* DetailViewController.m */,
				7D901CEC2BBD0FCA00281A66 /* DoneTableViewController.h */,
				7D901CED2BBD0FCA00281A66 /* DoneTableViewController.m */,
			);
			path = ToDoList;
			sourceTree = "<group>";
		};
/* End PBXGroup section */

/* Begin PBXNativeTarget section */
		7D99F3F52BBBEBC40030737C /* ToDoList */ = {
			isa = PBXNativeTarget;
			buildConfigurationList = 7D99F40F2BBBEBC50030737C /* Build configuration list for PBXNativeTarget "ToDoList" */;
			buildPhases = (
				7D99F3F22BBBEBC40030737C /* Sources */,
				7D99F3F32BBBEBC40030737C /* Frameworks */,
				7D99F3F42BBBEBC40030737C /* Resources */,
			);
			buildRules = (
			);
			dependencies = (
			);
			name = ToDoList;
			productName = ToDoList;
			productReference = 7D99F3F62BBBEBC40030737C /* ToDoList.app */;
			productType = "com.apple.product-type.application";
		};
/* End PBXNativeTarget section */

/* Begin PBXProject section */
		7D99F3EE2BBBEBC40030737C /* Project object */ = {
			isa = PBXProject;
			attributes = {
				BuildIndependentTargetsInParallel = 1;
				LastUpgradeCheck = 1420;
				TargetAttributes = {
					7D99F3F52BBBEBC40030737C = {
						CreatedOnToolsVersion = 14.2;
					};
				};
			};
			buildConfigurationList = 7D99F3F12BBBEBC40030737C /* Build configuration list for PBXProject "ToDoList" */;
			compatibilityVersion = "Xcode 14.0";
			developmentRegion = en;
			hasScannedForEncodings = 0;
			knownRegions = (
				en,
				Base,
			);
			mainGroup = 7D99F3ED2BBBEBC40030737C;
			productRefGroup = 7D99F3F72BBBEBC40030737C /* Products */;
			projectDirPath = "";
			projectRoot = "";
			targets = (
				7D99F3F52BBBEBC40030737C /* ToDoList */,
			);
		};
/* End PBXProject section */

/* Begin PBXResourcesBuildPhase section */
		7D99F3F42BBBEBC40030737C /* Resources */ = {
			isa = PBXResourcesBuildPhase;
			buildActionMask = 2147483647;
			files = (
				7D99F4092BBBEBC50030737C /* LaunchScreen.storyboard in Resources */,
				7D99F4062BBBEBC50030737C /* Assets.xcassets in Resources */,
				7D99F4042BBBEBC40030737C /* Main.storyboard in Resources */,
			);
			runOnlyForDeploymentPostprocessing = 0;
		};
/* End PBXResourcesBuildPhase section */

/* Begin PBXSourcesBuildPhase section */
		7D99F3F22BBBEBC40030737C /* Sources */ = {
			isa = PBXSourcesBuildPhase;
			buildActionMask = 2147483647;
			files = (
				7D99F4012BBBEBC40030737C /* ViewController.m in Sources */,
				7D99F3FB2BBBEBC40030737C /* AppDelegate.m in Sources */,
				7D99F4172BBC03790030737C /* ToDoViewController.m in Sources */,
				7D804E412BBCB1C900BF56E6 /* DetailViewController.m in Sources */,
				7D901CEE2BBD0FCA00281A66 /* DoneTableViewController.m in Sources */,
				7D99F40C2BBBEBC50030737C /* main.m in Sources */,
				7D99F41A2BBC0FA10030737C /* Data.m in Sources */,
				7D99F4142BBBEEC50030737C /* TableViewController.m in Sources */,
				7D99F3FE2BBBEBC40030737C /* SceneDelegate.m in Sources */,
			);
			runOnlyForDeploymentPostprocessing = 0;
		};
/* End PBXSourcesBuildPhase section */

/* Begin PBXVariantGroup section */
		7D99F4022BBBEBC40030737C /* Main.storyboard */ = {
			isa = PBXVariantGroup;
			children = (
				7D99F4032BBBEBC40030737C /* Base */,
			);
			name = Main.storyboard;
			sourceTree = "<group>";
		};
		7D99F4072BBBEBC50030737C /* LaunchScreen.storyboard */ = {
			isa = PBXVariantGroup;
			children = (
				7D99F4082BBBEBC50030737C /* Base */,
			);
			name = LaunchScreen.storyboard;
			sourceTree = "<group>";
		};
/* End PBXVariantGroup section */

/* Begin XCBuildConfiguration section */
		7D99F40D2BBBEBC50030737C /* Debug */ = {
			isa = XCBuildConfiguration;
			buildSettings = {
				ALWAYS_SEARCH_USER_PATHS = NO;
				CLANG_ANALYZER_NONNULL = YES;
				CLANG_ANALYZER_NUMBER_OBJECT_CONVERSION = YES_AGGRESSIVE;
				CLANG_CXX_LANGUAGE_STANDARD = "gnu++20";
				CLANG_ENABLE_MODULES = YES;
				CLANG_ENABLE_OBJC_ARC = YES;
				CLANG_ENABLE_OBJC_WEAK = YES;
				CLANG_WARN_BLOCK_CAPTURE_AUTORELEASING = YES;
				CLANG_WARN_BOOL_CONVERSION = YES;
				CLANG_WARN_COMMA = YES;
				CLANG_WARN_CONSTANT_CONVERSION = YES;
				CLANG_WARN_DEPRECATED_OBJC_IMPLEMENTATIONS = YES;
				CLANG_WARN_DIRECT_OBJC_ISA_USAGE = YES_ERROR;
				CLANG_WARN_DOCUMENTATION_COMMENTS = YES;
				CLANG_WARN_EMPTY_BODY = YES;
				CLANG_WARN_ENUM_CONVERSION = YES;
				CLANG_WARN_INFINITE_RECURSION = YES;
				CLANG_WARN_INT_CONVERSION = YES;
				CLANG_WARN_NON_LITERAL_NULL_CONVERSION = YES;
				CLANG_WARN_OBJC_IMPLICIT_RETAIN_SELF = YES;
				CLANG_WARN_OBJC_LITERAL_CONVERSION = YES;
				CLANG_WARN_OBJC_ROOT_CLASS = YES_ERROR;
				CLANG_WARN_QUOTED_INCLUDE_IN_FRAMEWORK_HEADER = YES;
				CLANG_WARN_RANGE_LOOP_ANALYSIS = YES;
				CLANG_WARN_STRICT_PROTOTYPES = YES;
				CLANG_WARN_SUSPICIOUS_MOVE = YES;
				CLANG_WARN_UNGUARDED_AVAILABILITY = YES_AGGRESSIVE;
				CLANG_WARN_UNREACHABLE_CODE = YES;
				CLANG_WARN__DUPLICATE_METHOD_MATCH = YES;
				COPY_PHASE_STRIP = NO;
				DEBUG_INFORMATION_FORMAT = dwarf;
				ENABLE_STRICT_OBJC_MSGSEND = YES;
				ENABLE_TESTABILITY = YES;
				GCC_C_LANGUAGE_STANDARD = gnu11;
				GCC_DYNAMIC_NO_PIC = NO;
				GCC_NO_COMMON_BLOCKS = YES;
				GCC_OPTIMIZATION_LEVEL = 0;
				GCC_PREPROCESSOR_DEFINITIONS = (
					"DEBUG=1",
					"$(inherited)",
				);
				GCC_WARN_64_TO_32_BIT_CONVERSION = YES;
				GCC_WARN_ABOUT_RETURN_TYPE = YES_ERROR;
				GCC_WARN_UNDECLARED_SELECTOR = YES;
				GCC_WARN_UNINITIALIZED_AUTOS = YES_AGGRESSIVE;
				GCC_WARN_UNUSED_FUNCTION = YES;
				GCC_WARN_UNUSED_VARIABLE = YES;
				IPHONEOS_DEPLOYMENT_TARGET = 12.4;
				MTL_ENABLE_DEBUG_INFO = INCLUDE_SOURCE;
				MTL_FAST_MATH = YES;
				ONLY_ACTIVE_ARCH = YES;
				SDKROOT = iphoneos;
			};
			name = Debug;
		};
		7D99F40E2BBBEBC50030737C /* Release */ = {
			isa = XCBuildConfiguration;
			buildSettings = {
				ALWAYS_SEARCH_USER_PATHS = NO;
				CLANG_ANALYZER_NONNULL = YES;
				CLANG_ANALYZER_NUMBER_OBJECT_CONVERSION = YES_AGGRESSIVE;
				CLANG_CXX_LANGUAGE_STANDARD = "gnu++20";
				CLANG_ENABLE_MODULES = YES;
				CLANG_ENABLE_OBJC_ARC = YES;
				CLANG_ENABLE_OBJC_WEAK = YES;
				CLANG_WARN_BLOCK_CAPTURE_AUTORELEASING = YES;
				CLANG_WARN_BOOL_CONVERSION = YES;
				CLANG_WARN_COMMA = YES;
				CLANG_WARN_CONSTANT_CONVERSION = YES;
				CLANG_WARN_DEPRECATED_OBJC_IMPLEMENTATIONS = YES;
				CLANG_WARN_DIRECT_OBJC_ISA_USAGE = YES_ERROR;
				CLANG_WARN_DOCUMENTATION_COMMENTS = YES;
				CLANG_WARN_EMPTY_BODY = YES;
				CLANG_WARN_ENUM_CONVERSION = YES;
				CLANG_WARN_INFINITE_RECURSION = YES;
				CLANG_WARN_INT_CONVERSION = YES;
				CLANG_WARN_NON_LITERAL_NULL_CONVERSION = YES;
				CLANG_WARN_OBJC_IMPLICIT_RETAIN_SELF = YES;
				CLANG_WARN_OBJC_LITERAL_CONVERSION = YES;
				CLANG_WARN_OBJC_ROOT_CLASS = YES_ERROR;
				CLANG_WARN_QUOTED_INCLUDE_IN_FRAMEWORK_HEADER = YES;
				CLANG_WARN_RANGE_LOOP_ANALYSIS = YES;
				CLANG_WARN_STRICT_PROTOTYPES = YES;
				CLANG_WARN_SUSPICIOUS_MOVE = YES;
				CLANG_WARN_UNGUARDED_AVAILABILITY = YES_AGGRESSIVE;
				CLANG_WARN_UNREACHABLE_CODE = YES;
				CLANG_WARN__DUPLICATE_METHOD_MATCH = YES;
				COPY_PHASE_STRIP = NO;
				DEBUG_INFORMATION_FORMAT = "dwarf-with-dsym";
				ENABLE_NS_ASSERTIONS = NO;
				ENABLE_STRICT_OBJC_MSGSEND = YES;
				GCC_C_LANGUAGE_STANDARD = gnu11;
				GCC_NO_COMMON_BLOCKS = YES;
				GCC_WARN_64_TO_32_BIT_CONVERSION = YES;
				GCC_WARN_ABOUT_RETURN_TYPE = YES_ERROR;
				GCC_WARN_UNDECLARED_SELECTOR = YES;
				GCC_WARN_UNINITIALIZED_AUTOS = YES_AGGRESSIVE;
				GCC_WARN_UNUSED_FUNCTION = YES;
				GCC_WARN_UNUSED_VARIABLE = YES;
				IPHONEOS_DEPLOYMENT_TARGET = 12.4;
				MTL_ENABLE_DEBUG_INFO = NO;
				MTL_FAST_MATH = YES;
				SDKROOT = iphoneos;
				VALIDATE_PRODUCT = YES;
			};
			name = Release;
		};
		7D99F4102BBBEBC50030737C /* Debug */ = {
			isa = XCBuildConfiguration;
			buildSettings = {
				ASSETCATALOG_COMPILER_APPICON_NAME = AppIcon;
				ASSETCATALOG_COMPILER_GLOBAL_ACCENT_COLOR_NAME = AccentColor;
				CODE_SIGN_STYLE = Automatic;
				CURRENT_PROJECT_VERSION = 1;
				GENERATE_INFOPLIST_FILE = YES;
				INFOPLIST_FILE = ToDoList/Info.plist;
				INFOPLIST_KEY_UIApplicationSupportsIndirectInputEvents = YES;
				INFOPLIST_KEY_UILaunchStoryboardName = LaunchScreen;
				INFOPLIST_KEY_UIMainStoryboardFile = Main;
				INFOPLIST_KEY_UISupportedInterfaceOrientations_iPad = "UIInterfaceOrientationPortrait UIInterfaceOrientationPortraitUpsideDown UIInterfaceOrientationLandscapeLeft UIInterfaceOrientationLandscapeRight";
				INFOPLIST_KEY_UISupportedInterfaceOrientations_iPhone = "UIInterfaceOrientationPortrait UIInterfaceOrientationLandscapeLeft UIInterfaceOrientationLandscapeRight";
				LD_RUNPATH_SEARCH_PATHS = (
					"$(inherited)",
					"@executable_path/Frameworks",
				);
				MARKETING_VERSION = 1.0;
				PRODUCT_BUNDLE_IDENTIFIER = com.iti.ToDoList;
				PRODUCT_NAME = "$(TARGET_NAME)";
				SWIFT_EMIT_LOC_STRINGS = YES;
				TARGETED_DEVICE_FAMILY = "1,2";
			};
			name = Debug;
		};
		7D99F4112BBBEBC50030737C /* Release */ = {
			isa = XCBuildConfiguration;
			buildSettings = {
				ASSETCATALOG_COMPILER_APPICON_NAME = AppIcon;
				ASSETCATALOG_COMPILER_GLOBAL_ACCENT_COLOR_NAME = AccentColor;
				CODE_SIGN_STYLE = Automatic;
				CURRENT_PROJECT_VERSION = 1;
				GENERATE_INFOPLIST_FILE = YES;
				INFOPLIST_FILE = ToDoList/Info.plist;
				INFOPLIST_KEY_UIApplicationSupportsIndirectInputEvents = YES;
				INFOPLIST_KEY_UILaunchStoryboardName = LaunchScreen;
				INFOPLIST_KEY_UIMainStoryboardFile = Main;
				INFOPLIST_KEY_UISupportedInterfaceOrientations_iPad = "UIInterfaceOrientationPortrait UIInterfaceOrientationPortraitUpsideDown UIInterfaceOrientationLandscapeLeft UIInterfaceOrientationLandscapeRight";
				INFOPLIST_KEY_UISupportedInterfaceOrientations_iPhone = "UIInterfaceOrientationPortrait UIInterfaceOrientationLandscapeLeft UIInterfaceOrientationLandscapeRight";
				LD_RUNPATH_SEARCH_PATHS = (
					"$(inherited)",
					"@executable_path/Frameworks",
				);
				MARKETING_VERSION = 1.0;
				PRODUCT_BUNDLE_IDENTIFIER = com.iti.ToDoList;
				PRODUCT_NAME = "$(TARGET_NAME)";
				SWIFT_EMIT_LOC_STRINGS = YES;
				TARGETED_DEVICE_FAMILY = "1,2";
			};
			name = Release;
		};
/* End XCBuildConfiguration section */

/* Begin XCConfigurationList section */
		7D99F3F12BBBEBC40030737C /* Build configuration list for PBXProject "ToDoList" */ = {
			isa = XCConfigurationList;
			buildConfigurations = (
				7D99F40D2BBBEBC50030737C /* Debug */,
				7D99F40E2BBBEBC50030737C /* Release */,
			);
			defaultConfigurationIsVisible = 0;
			defaultConfigurationName = Release;
		};
		7D99F40F2BBBEBC50030737C /* Build configuration list for PBXNativeTarget "ToDoList" */ = {
			isa = XCConfigurationList;
			buildConfigurations = (
				7D99F4102BBBEBC50030737C /* Debug */,
				7D99F4112BBBEBC50030737C /* Release */,
			);
			defaultConfigurationIsVisible = 0;
			defaultConfigurationName = Release;
		};
/* End XCConfigurationList section */
	};
	rootObject = 7D99F3EE2BBBEBC40030737C /* Project object */;
}
